// !$*UTF8*$!
{
	archiveVersion = 1;
	classes = {
	};
	objectVersion = 46;
	objects = {

/* Begin PBXBuildFile section */
		C934E9C91E54430800F7D113 /* main.m in Sources */ = {isa = PBXBuildFile; fileRef = C934E9C81E54430800F7D113 /* main.m */; };
		C934E9CC1E54430800F7D113 /* AppDelegate.m in Sources */ = {isa = PBXBuildFile; fileRef = C934E9CB1E54430800F7D113 /* AppDelegate.m */; };
		C934E9CF1E54430800F7D113 /* ViewController.m in Sources */ = {isa = PBXBuildFile; fileRef = C934E9CE1E54430800F7D113 /* ViewController.m */; };
		C934E9D21E54430800F7D113 /* Main.storyboard in Resources */ = {isa = PBXBuildFile; fileRef = C934E9D01E54430800F7D113 /* Main.storyboard */; };
		C934E9D41E54430800F7D113 /* Assets.xcassets in Resources */ = {isa = PBXBuildFile; fileRef = C934E9D31E54430800F7D113 /* Assets.xcassets */; };
		C934E9D71E54430800F7D113 /* LaunchScreen.storyboard in Resources */ = {isa = PBXBuildFile; fileRef = C934E9D51E54430800F7D113 /* LaunchScreen.storyboard */; };
		C934E9DF1E544E8500F7D113 /* README.md in Sources */ = {isa = PBXBuildFile; fileRef = C934E9DE1E544E8500F7D113 /* README.md */; };
		C934E9E21E55496C00F7D113 /* JLRumtimeProxyObject.m in Sources */ = {isa = PBXBuildFile; fileRef = C934E9E11E55496C00F7D113 /* JLRumtimeProxyObject.m */; };
/* End PBXBuildFile section */

/* Begin PBXFileReference section */
		C934E9C41E54430800F7D113 /* JLRumtimeTest.app */ = {isa = PBXFileReference; explicitFileType = wrapper.application; includeInIndex = 0; path = JLRumtimeTest.app; sourceTree = BUILT_PRODUCTS_DIR; };
		C934E9C81E54430800F7D113 /* main.m */ = {isa = PBXFileReference; lastKnownFileType = sourcecode.c.objc; path = main.m; sourceTree = "<group>"; };
		C934E9CA1E54430800F7D113 /* AppDelegate.h */ = {isa = PBXFileReference; lastKnownFileType = sourcecode.c.h; path = AppDelegate.h; sourceTree = "<group>"; };
		C934E9CB1E54430800F7D113 /* AppDelegate.m */ = {isa = PBXFileReference; lastKnownFileType = sourcecode.c.objc; path = AppDelegate.m; sourceTree = "<group>"; };
		C934E9CD1E54430800F7D113 /* ViewController.h */ = {isa = PBXFileReference; lastKnownFileType = sourcecode.c.h; path = ViewController.h; sourceTree = "<group>"; };
		C934E9CE1E54430800F7D113 /* ViewController.m */ = {isa = PBXFileReference; lastKnownFileType = sourcecode.c.objc; path = ViewController.m; sourceTree = "<group>"; };
		C934E9D11E54430800F7D113 /* Base */ = {isa = PBXFileReference; lastKnownFileType = file.storyboard; name = Base; path = Base.lproj/Main.storyboard; sourceTree = "<group>"; };
		C934E9D31E54430800F7D113 /* Assets.xcassets */ = {isa = PBXFileReference; lastKnownFileType = folder.assetcatalog; path = Assets.xcassets; sourceTree = "<group>"; };
		C934E9D61E54430800F7D113 /* Base */ = {isa = PBXFileReference; lastKnownFileType = file.storyboard; name = Base; path = Base.lproj/LaunchScreen.storyboard; sourceTree = "<group>"; };
		C934E9D81E54430800F7D113 /* Info.plist */ = {isa = PBXFileReference; lastKnownFileType = text.plist.xml; path = Info.plist; sourceTree = "<group>"; };
		C934E9DE1E544E8500F7D113 /* README.md */ = {isa = PBXFileReference; fileEncoding = 4; lastKnownFileType = net.daringfireball.markdown; path = README.md; sourceTree = "<group>"; };
		C934E9E01E55496C00F7D113 /* JLRumtimeProxyObject.h */ = {isa = PBXFileReference; fileEncoding = 4; lastKnownFileType = sourcecode.c.h; path = JLRumtimeProxyObject.h; sourceTree = "<group>"; };
		C934E9E11E55496C00F7D113 /* JLRumtimeProxyObject.m */ = {isa = PBXFileReference; fileEncoding = 4; lastKnownFileType = sourcecode.c.objc; path = JLRumtimeProxyObject.m; sourceTree = "<group>"; };
/* End PBXFileReference section */

/* Begin PBXFrameworksBuildPhase section */
		C934E9C11E54430800F7D113 /* Frameworks */ = {
			isa = PBXFrameworksBuildPhase;
			buildActionMask = 2147483647;
			files = (
			);
			runOnlyForDeploymentPostprocessing = 0;
		};
/* End PBXFrameworksBuildPhase section */

/* Begin PBXGroup section */
		C934E9BB1E54430800F7D113 = {
			isa = PBXGroup;
			children = (
				C934E9DE1E544E8500F7D113 /* README.md */,
				C934E9C61E54430800F7D113 /* JLRumtimeTest */,
				C934E9C51E54430800F7D113 /* Products */,
			);
			sourceTree = "<group>";
		};
		C934E9C51E54430800F7D113 /* Products */ = {
			isa = PBXGroup;
			children = (
				C934E9C41E54430800F7D113 /* JLRumtimeTest.app */,
			);
			name = Products;
			sourceTree = "<group>";
		};
		C934E9C61E54430800F7D113 /* JLRumtimeTest */ = {
			isa = PBXGroup;
			children = (
				C934E9CA1E54430800F7D113 /* AppDelegate.h */,
				C934E9CB1E54430800F7D113 /* AppDelegate.m */,
				C934E9CD1E54430800F7D113 /* ViewController.h */,
				C934E9CE1E54430800F7D113 /* ViewController.m */,
				C934E9D01E54430800F7D113 /* Main.storyboard */,
				C934E9E01E55496C00F7D113 /* JLRumtimeProxyObject.h */,
				C934E9E11E55496C00F7D113 /* JLRumtimeProxyObject.m */,
				C934E9D31E54430800F7D113 /* Assets.xcassets */,
				C934E9D51E54430800F7D113 /* LaunchScreen.storyboard */,
				C934E9D81E54430800F7D113 /* Info.plist */,
				C934E9C71E54430800F7D113 /* Supporting Files */,
			);
			path = JLRumtimeTest;
			sourceTree = "<group>";
		};
		C934E9C71E54430800F7D113 /* Supporting Files */ = {
			isa = PBXGroup;
			children = (
				C934E9C81E54430800F7D113 /* main.m */,
			);
			name = "Supporting Files";
			sourceTree = "<group>";
		};
/* End PBXGroup section */

/* Begin PBXNativeTarget section */
		C934E9C31E54430800F7D113 /* JLRumtimeTest */ = {
			isa = PBXNativeTarget;
			buildConfigurationList = C934E9DB1E54430800F7D113 /* Build configuration list for PBXNativeTarget "JLRumtimeTest" */;
			buildPhases = (
				C934E9C01E54430800F7D113 /* Sources */,
				C934E9C11E54430800F7D113 /* Frameworks */,
				C934E9C21E54430800F7D113 /* Resources */,
			);
			buildRules = (
			);
			dependencies = (
			);
			name = JLRumtimeTest;
			productName = JLRumtimeTest;
			productReference = C934E9C41E54430800F7D113 /* JLRumtimeTest.app */;
			productType = "com.apple.product-type.application";
		};
/* End PBXNativeTarget section */

/* Begin PBXProject section */
		C934E9BC1E54430800F7D113 /* Project object */ = {
			isa = PBXProject;
			attributes = {
				LastUpgradeCheck = 0800;
				ORGANIZATIONNAME = "Julian Song";
				TargetAttributes = {
					C934E9C31E54430800F7D113 = {
						CreatedOnToolsVersion = 8.0;
						ProvisioningStyle = Automatic;
					};
				};
			};
			buildConfigurationList = C934E9BF1E54430800F7D113 /* Build configuration list for PBXProject "JLRumtimeTest" */;
			compatibilityVersion = "Xcode 3.2";
			developmentRegion = English;
			hasScannedForEncodings = 0;
			knownRegions = (
				en,
				Base,
			);
			mainGroup = C934E9BB1E54430800F7D113;
			productRefGroup = C934E9C51E54430800F7D113 /* Products */;
			projectDirPath = "";
			projectRoot = "";
			targets = (
				C934E9C31E54430800F7D113 /* JLRumtimeTest */,
			);
		};
/* End PBXProject section */

/* Begin PBXResourcesBuildPhase section */
		C934E9C21E54430800F7D113 /* Resources */ = {
			isa = PBXResourcesBuildPhase;
			buildActionMask = 2147483647;
			files = (
				C934E9D71E54430800F7D113 /* LaunchScreen.storyboard in Resources */,
				C934E9D41E54430800F7D113 /* Assets.xcassets in Resources */,
				C934E9D21E54430800F7D113 /* Main.storyboard in Resources */,
			);
			runOnlyForDeploymentPostprocessing = 0;
		};
/* End PBXResourcesBuildPhase section */

/* Begin PBXSourcesBuildPhase section */
		C934E9C01E54430800F7D113 /* Sources */ = {
			isa = PBXSourcesBuildPhase;
			buildActionMask = 2147483647;
			files = (
				C934E9E21E55496C00F7D113 /* JLRumtimeProxyObject.m in Sources */,
				C934E9CF1E54430800F7D113 /* ViewController.m in Sources */,
				C934E9CC1E54430800F7D113 /* AppDelegate.m in Sources */,
				C934E9DF1E544E8500F7D113 /* README.md in Sources */,
				C934E9C91E54430800F7D113 /* main.m in Sources */,
			);
			runOnlyForDeploymentPostprocessing = 0;
		};
/* End PBXSourcesBuildPhase section */

/* Begin PBXVariantGroup section */
		C934E9D01E54430800F7D113 /* Main.storyboard */ = {
			isa = PBXVariantGroup;
			children = (
				C934E9D11E54430800F7D113 /* Base */,
			);
			name = Main.storyboard;
			sourceTree = "<group>";
		};
		C934E9D51E54430800F7D113 /* LaunchScreen.storyboard */ = {
			isa = PBXVariantGroup;
			children = (
				C934E9D61E54430800F7D113 /* Base */,
			);
			name = LaunchScreen.storyboard;
			sourceTree = "<group>";
		};
/* End PBXVariantGroup section */

/* Begin XCBuildConfiguration section */
		C934E9D91E54430800F7D113 /* Debug */ = {
			isa = XCBuildConfiguration;
			buildSettings = {
				ALWAYS_SEARCH_USER_PATHS = NO;
				CLANG_ANALYZER_NONNULL = YES;
				CLANG_CXX_LANGUAGE_STANDARD = "gnu++0x";
				CLANG_CXX_LIBRARY = "libc++";
				CLANG_ENABLE_MODULES = YES;
				CLANG_ENABLE_OBJC_ARC = YES;
				CLANG_WARN_BOOL_CONVERSION = YES;
				CLANG_WARN_CONSTANT_CONVERSION = YES;
				CLANG_WARN_DIRECT_OBJC_ISA_USAGE = YES_ERROR;
				CLANG_WARN_DOCUMENTATION_COMMENTS = YES;
				CLANG_WARN_EMPTY_BODY = YES;
				CLANG_WARN_ENUM_CONVERSION = YES;
				CLANG_WARN_INFINITE_RECURSION = YES;
				CLANG_WARN_INT_CONVERSION = YES;
				CLANG_WARN_OBJC_ROOT_CLASS = YES_ERROR;
				CLANG_WARN_SUSPICIOUS_MOVES = YES;
				CLANG_WARN_UNREACHABLE_CODE = YES;
				CLANG_WARN__DUPLICATE_METHOD_MATCH = YES;
				"CODE_SIGN_IDENTITY[sdk=iphoneos*]" = "iPhone Developer";
				COPY_PHASE_STRIP = NO;
				DEBUG_INFORMATION_FORMAT = dwarf;
				ENABLE_STRICT_OBJC_MSGSEND = YES;
				ENABLE_TESTABILITY = YES;
				GCC_C_LANGUAGE_STANDARD = gnu99;
				GCC_DYNAMIC_NO_PIC = NO;
				GCC_NO_COMMON_BLOCKS = YES;
				GCC_OPTIMIZATION_LEVEL = 0;
				GCC_PREPROCESSOR_DEFINITIONS = (
					"DEBUG=1",
					"$(inherited)",
				);
				GCC_WARN_64_TO_32_BIT_CONVERSION = YES;
				GCC_WARN_ABOUT_RETURN_TYPE = YES_ERROR;
				GCC_WARN_UNDECLARED_SELECTOR = YES;
				GCC_WARN_UNINITIALIZED_AUTOS = YES_AGGRESSIVE;
				GCC_WARN_UNUSED_FUNCTION = YES;
				GCC_WARN_UNUSED_VARIABLE = YES;
				IPHONEOS_DEPLOYMENT_TARGET = 10.0;
				MTL_ENABLE_DEBUG_INFO = YES;
				ONLY_ACTIVE_ARCH = YES;
				SDKROOT = iphoneos;
			};
			name = Debug;
		};
		C934E9DA1E54430800F7D113 /* Release */ = {
			isa = XCBuildConfiguration;
			buildSettings = {
				ALWAYS_SEARCH_USER_PATHS = NO;
				CLANG_ANALYZER_NONNULL = YES;
				CLANG_CXX_LANGUAGE_STANDARD = "gnu++0x";
				CLANG_CXX_LIBRARY = "libc++";
				CLANG_ENABLE_MODULES = YES;
				CLANG_ENABLE_OBJC_ARC = YES;
				CLANG_WARN_BOOL_CONVERSION = YES;
				CLANG_WARN_CONSTANT_CONVERSION = YES;
				CLANG_WARN_DIRECT_OBJC_ISA_USAGE = YES_ERROR;
				CLANG_WARN_DOCUMENTATION_COMMENTS = YES;
				CLANG_WARN_EMPTY_BODY = YES;
				CLANG_WARN_ENUM_CONVERSION = YES;
				CLANG_WARN_INFINITE_RECURSION = YES;
				CLANG_WARN_INT_CONVERSION = YES;
				CLANG_WARN_OBJC_ROOT_CLASS = YES_ERROR;
				CLANG_WARN_SUSPICIOUS_MOVES = YES;
				CLANG_WARN_UNREACHABLE_CODE = YES;
				CLANG_WARN__DUPLICATE_METHOD_MATCH = YES;
				"CODE_SIGN_IDENTITY[sdk=iphoneos*]" = "iPhone Developer";
				COPY_PHASE_STRIP = NO;
				DEBUG_INFORMATION_FORMAT = "dwarf-with-dsym";
				ENABLE_NS_ASSERTIONS = NO;
				ENABLE_STRICT_OBJC_MSGSEND = YES;
				GCC_C_LANGUAGE_STANDARD = gnu99;
				GCC_NO_COMMON_BLOCKS = YES;
				GCC_WARN_64_TO_32_BIT_CONVERSION = YES;
				GCC_WARN_ABOUT_RETURN_TYPE = YES_ERROR;
				GCC_WARN_UNDECLARED_SELECTOR = YES;
				GCC_WARN_UNINITIALIZED_AUTOS = YES_AGGRESSIVE;
				GCC_WARN_UNUSED_FUNCTION = YES;
				GCC_WARN_UNUSED_VARIABLE = YES;
				IPHONEOS_DEPLOYMENT_TARGET = 10.0;
				MTL_ENABLE_DEBUG_INFO = NO;
				SDKROOT = iphoneos;
				VALIDATE_PRODUCT = YES;
			};
			name = Release;
		};
		C934E9DC1E54430800F7D113 /* Debug */ = {
			isa = XCBuildConfiguration;
			buildSettings = {
				ASSETCATALOG_COMPILER_APPICON_NAME = AppIcon;
				ENABLE_STRICT_OBJC_MSGSEND = NO;
				INFOPLIST_FILE = JLRumtimeTest/Info.plist;
				LD_RUNPATH_SEARCH_PATHS = "$(inherited) @executable_path/Frameworks";
				PRODUCT_BUNDLE_IDENTIFIER = me.julian.JLRumtimeTest;
				PRODUCT_NAME = "$(TARGET_NAME)";
			};
			name = Debug;
		};
		C934E9DD1E54430800F7D113 /* Release */ = {
			isa = XCBuildConfiguration;
			buildSettings = {
				ASSETCATALOG_COMPILER_APPICON_NAME = AppIcon;
				ENABLE_STRICT_OBJC_MSGSEND = NO;
				INFOPLIST_FILE = JLRumtimeTest/Info.plist;
				LD_RUNPATH_SEARCH_PATHS = "$(inherited) @executable_path/Frameworks";
				PRODUCT_BUNDLE_IDENTIFIER = me.julian.JLRumtimeTest;
				PRODUCT_NAME = "$(TARGET_NAME)";
			};
			name = Release;
		};
/* End XCBuildConfiguration section */

/* Begin XCConfigurationList section */
		C934E9BF1E54430800F7D113 /* Build configuration list for PBXProject "JLRumtimeTest" */ = {
			isa = XCConfigurationList;
			buildConfigurations = (
				C934E9D91E54430800F7D113 /* Debug */,
				C934E9DA1E54430800F7D113 /* Release */,
			);
			defaultConfigurationIsVisible = 0;
			defaultConfigurationName = Release;
		};
		C934E9DB1E54430800F7D113 /* Build configuration list for PBXNativeTarget "JLRumtimeTest" */ = {
			isa = XCConfigurationList;
			buildConfigurations = (
				C934E9DC1E54430800F7D113 /* Debug */,
				C934E9DD1E54430800F7D113 /* Release */,
			);
			defaultConfigurationIsVisible = 0;
			defaultConfigurationName = Release;
		};
/* End XCConfigurationList section */
	};
	rootObject = C934E9BC1E54430800F7D113 /* Project object */;
}
